
Microsoft Visual Studio Solution File, Format Version 12.00
# Visual Studio 15
VisualStudioVersion = 15.0.28307.271
MinimumVisualStudioVersion = 10.0.40219.1
Project("{FAE04EC0-301F-11D3-BF4B-00C04F79EFBC}") = "AspLikeInclude", "AspLikeInclude\AspLikeInclude.csproj", "{8AC23800-F0BE-44E6-9873-A4C3CA26578E}"
EndProject
Global
	GlobalSection(SolutionConfigurationPlatforms) = preSolution
		Debug|Any CPU = Debug|Any CPU
		Release|Any CPU = Release|Any CPU
	EndGlobalSection
	GlobalSection(ProjectConfigurationPlatforms) = postSolution
		{8AC23800-F0BE-44E6-9873-A4C3CA26578E}.Debug|Any CPU.ActiveCfg = Debug|Any CPU
		{8AC23800-F0BE-44E6-9873-A4C3CA26578E}.Debug|Any CPU.Build.0 = Debug|Any CPU
		{8AC23800-F0BE-44E6-9873-A4C3CA26578E}.Release|Any CPU.ActiveCfg = Release|Any CPU
		{8AC23800-F0BE-44E6-9873-A4C3CA26578E}.Release|Any CPU.Build.0 = Release|Any CPU
	EndGlobalSection
	GlobalSection(SolutionProperties) = preSolution
		HideSolutionNode = FALSE
	EndGlobalSection
	GlobalSection(ExtensibilityGlobals) = postSolution
		SolutionGuid = {1FED5E2B-181B-464F-9C52-B83192DE9DF4}
	EndGlobalSection
EndGlobal
